# This file is generated by running "yarn install" inside your project.
# Manual changes might be lost - proceed with caution!

__metadata:
  version: 8
  cacheKey: 10c0

"@just-in/core@npm:^0.2.0":
  version: 0.2.0
  resolution: "@just-in/core@npm:0.2.0"
  dependencies:
    mongodb: "npm:^6.10.0"
    mongodb-memory-server: "npm:^10.1.4"
    uuid: "npm:^11.0.3"
    zod: "npm:^3.23.8"
  checksum: 10c0/2b1a2b7e6749447fcfe466d171c70666a8444c4464dbc5172f4fd00bbfa6f9467109ff3c108d5a959be760b66881613b48b887a98b1b78bcb68e081f7e035574
  languageName: node
  linkType: hard

"@mongodb-js/saslprep@npm:^1.3.0":
  version: 1.3.2
  resolution: "@mongodb-js/saslprep@npm:1.3.2"
  dependencies:
    sparse-bitfield: "npm:^3.0.3"
  checksum: 10c0/88adf0281c063c4726839fc6cbd71d3ccd7be22e53922c298b24816c949154d3f664576996bc027907bf5d22ab5b2147946410496111b54ea47c00387e94dc77
  languageName: node
  linkType: hard

"@types/node@npm:^24.8.1":
  version: 24.9.2
  resolution: "@types/node@npm:24.9.2"
  dependencies:
    undici-types: "npm:~7.16.0"
  checksum: 10c0/7905d43f65cee72ef475fe76316e10bbf6ac5d08a7f0f6c38f2b6285d7ca3009e8fcafc8f8a1d2bf3f55889c9c278dbb203a9081fd0cf2d6d62161703924c6fa
  languageName: node
  linkType: hard

"@types/webidl-conversions@npm:*":
  version: 7.0.3
  resolution: "@types/webidl-conversions@npm:7.0.3"
  checksum: 10c0/ac2ccff93b95ac7c8ca73dc6064403181691bba7ea144296f462dc9108a07be16cbad7b9c704b3df706dcc5a117e1f7bf7fb27aeb75b09c0f3148de8aee11aff
  languageName: node
  linkType: hard

"@types/whatwg-url@npm:^11.0.2":
  version: 11.0.5
  resolution: "@types/whatwg-url@npm:11.0.5"
  dependencies:
    "@types/webidl-conversions": "npm:*"
  checksum: 10c0/7a9b9252dee98df6db1ad62337daca7f59ae50d7a3406d14ac6b57168d406004359994f3371155e24f3cf12002c4cb8bbb0883bd4cefb9d7ee8e2b510bdd7f5e
  languageName: node
  linkType: hard

"agent-base@npm:^7.1.2":
  version: 7.1.4
  resolution: "agent-base@npm:7.1.4"
  checksum: 10c0/c2c9ab7599692d594b6a161559ada307b7a624fa4c7b03e3afdb5a5e31cd0e53269115b620fcab024c5ac6a6f37fa5eb2e004f076ad30f5f7e6b8b671f7b35fe
  languageName: node
  linkType: hard

"async-mutex@npm:^0.5.0":
  version: 0.5.0
  resolution: "async-mutex@npm:0.5.0"
  dependencies:
    tslib: "npm:^2.4.0"
  checksum: 10c0/9096e6ad6b674c894d8ddd5aa4c512b09bb05931b8746ebd634952b05685608b2b0820ed5c406e6569919ff5fe237ab3c491e6f2887d6da6b6ba906db3ee9c32
  languageName: node
  linkType: hard

"b4a@npm:^1.6.4":
  version: 1.7.3
  resolution: "b4a@npm:1.7.3"
  peerDependencies:
    react-native-b4a: "*"
  peerDependenciesMeta:
    react-native-b4a:
      optional: true
  checksum: 10c0/ac16d186e00fa0d16de1f1a4af413953bc762d50d5a0e382aaa744a13886600313b7293403ad77fc83f6b1489c3fc2610494d1026754a51d1b7cdac2115a7598
  languageName: node
  linkType: hard

"bare-events@npm:^2.7.0":
  version: 2.8.1
  resolution: "bare-events@npm:2.8.1"
  peerDependencies:
    bare-abort-controller: "*"
  peerDependenciesMeta:
    bare-abort-controller:
      optional: true
  checksum: 10c0/0564f170b60ce827bc115b1c6e32092c7072905c560a941ac26149bbdde672d203897419f53015e0b41a2b3f3332a03dc2c66d3176ceebe1c58f636246f45808
  languageName: node
  linkType: hard

"bson@npm:^6.10.4":
  version: 6.10.4
  resolution: "bson@npm:6.10.4"
  checksum: 10c0/6c6819ce642516901349f42c5d9d131d5a4e84352a3859c814d4abf6b2b9249e3685b57fc4cf7b5737fb5c71252f65900a41826c1429815a93e43f0f5bb3c173
  languageName: node
  linkType: hard

"buffer-crc32@npm:~0.2.3":
  version: 0.2.13
  resolution: "buffer-crc32@npm:0.2.13"
  checksum: 10c0/cb0a8ddf5cf4f766466db63279e47761eb825693eeba6a5a95ee4ec8cb8f81ede70aa7f9d8aeec083e781d47154290eb5d4d26b3f7a465ec57fb9e7d59c47150
  languageName: node
  linkType: hard

"camelcase@npm:^6.3.0":
  version: 6.3.0
  resolution: "camelcase@npm:6.3.0"
  checksum: 10c0/0d701658219bd3116d12da3eab31acddb3f9440790c0792e0d398f0a520a6a4058018e546862b6fba89d7ae990efaeb97da71e1913e9ebf5a8b5621a3d55c710
  languageName: node
  linkType: hard

"commondir@npm:^1.0.1":
  version: 1.0.1
  resolution: "commondir@npm:1.0.1"
  checksum: 10c0/33a124960e471c25ee19280c9ce31ccc19574b566dc514fe4f4ca4c34fa8b0b57cf437671f5de380e11353ea9426213fca17687dd2ef03134fea2dbc53809fd6
  languageName: node
  linkType: hard

"debug@npm:4, debug@npm:^4.3.4, debug@npm:^4.4.3":
  version: 4.4.3
  resolution: "debug@npm:4.4.3"
  dependencies:
    ms: "npm:^2.1.3"
  peerDependenciesMeta:
    supports-color:
      optional: true
  checksum: 10c0/d79136ec6c83ecbefd0f6a5593da6a9c91ec4d7ddc4b54c883d6e71ec9accb5f67a1a5e96d00a328196b5b5c86d365e98d8a3a70856aaf16b4e7b1985e67f5a6
  languageName: node
  linkType: hard

"events-universal@npm:^1.0.0":
  version: 1.0.1
  resolution: "events-universal@npm:1.0.1"
  dependencies:
    bare-events: "npm:^2.7.0"
  checksum: 10c0/a1d9a5e9f95843650f8ec240dd1221454c110189a9813f32cdf7185759b43f1f964367ac7dca4ebc69150b59043f2d77c7e122b0d03abf7c25477ea5494785a5
  languageName: node
  linkType: hard

"fast-fifo@npm:^1.2.0, fast-fifo@npm:^1.3.2":
  version: 1.3.2
  resolution: "fast-fifo@npm:1.3.2"
  checksum: 10c0/d53f6f786875e8b0529f784b59b4b05d4b5c31c651710496440006a398389a579c8dbcd2081311478b5bf77f4b0b21de69109c5a4eabea9d8e8783d1eb864e4c
  languageName: node
  linkType: hard

"find-cache-dir@npm:^3.3.2":
  version: 3.3.2
  resolution: "find-cache-dir@npm:3.3.2"
  dependencies:
    commondir: "npm:^1.0.1"
    make-dir: "npm:^3.0.2"
    pkg-dir: "npm:^4.1.0"
  checksum: 10c0/92747cda42bff47a0266b06014610981cfbb71f55d60f2c8216bc3108c83d9745507fb0b14ecf6ab71112bed29cd6fb1a137ee7436179ea36e11287e3159e587
  languageName: node
  linkType: hard

"find-up@npm:^4.0.0":
  version: 4.1.0
  resolution: "find-up@npm:4.1.0"
  dependencies:
    locate-path: "npm:^5.0.0"
    path-exists: "npm:^4.0.0"
  checksum: 10c0/0406ee89ebeefa2d507feb07ec366bebd8a6167ae74aa4e34fb4c4abd06cf782a3ce26ae4194d70706f72182841733f00551c209fe575cb00bd92104056e78c1
  languageName: node
  linkType: hard

"follow-redirects@npm:^1.15.11":
  version: 1.15.11
  resolution: "follow-redirects@npm:1.15.11"
  peerDependenciesMeta:
    debug:
      optional: true
  checksum: 10c0/d301f430542520a54058d4aeeb453233c564aaccac835d29d15e050beb33f339ad67d9bddbce01739c5dc46a6716dbe3d9d0d5134b1ca203effa11a7ef092343
  languageName: node
  linkType: hard

"https-proxy-agent@npm:^7.0.6":
  version: 7.0.6
  resolution: "https-proxy-agent@npm:7.0.6"
  dependencies:
    agent-base: "npm:^7.1.2"
    debug: "npm:4"
  checksum: 10c0/f729219bc735edb621fa30e6e84e60ee5d00802b8247aac0d7b79b0bd6d4b3294737a337b93b86a0bd9e68099d031858a39260c976dc14cdbba238ba1f8779ac
  languageName: node
  linkType: hard

"locate-path@npm:^5.0.0":
  version: 5.0.0
  resolution: "locate-path@npm:5.0.0"
  dependencies:
    p-locate: "npm:^4.1.0"
  checksum: 10c0/33a1c5247e87e022f9713e6213a744557a3e9ec32c5d0b5efb10aa3a38177615bf90221a5592674857039c1a0fd2063b82f285702d37b792d973e9e72ace6c59
  languageName: node
  linkType: hard

"make-dir@npm:^3.0.2":
  version: 3.1.0
  resolution: "make-dir@npm:3.1.0"
  dependencies:
    semver: "npm:^6.0.0"
  checksum: 10c0/56aaafefc49c2dfef02c5c95f9b196c4eb6988040cf2c712185c7fe5c99b4091591a7fc4d4eafaaefa70ff763a26f6ab8c3ff60b9e75ea19876f49b18667ecaa
  languageName: node
  linkType: hard

"memory-pager@npm:^1.0.2":
  version: 1.5.0
  resolution: "memory-pager@npm:1.5.0"
  checksum: 10c0/2596e80c99fee24f05bd8a20cde2ee899012c996f4ec361ac76ed6f009f34149d733ac6f76880106ccd6a66d062ad439357578d383d429df66ba1278f68806e9
  languageName: node
  linkType: hard

"mongodb-connection-string-url@npm:^3.0.2":
  version: 3.0.2
  resolution: "mongodb-connection-string-url@npm:3.0.2"
  dependencies:
    "@types/whatwg-url": "npm:^11.0.2"
    whatwg-url: "npm:^14.1.0 || ^13.0.0"
  checksum: 10c0/8b7ac99634f167dbe690e90fa10528e3ffc029faf2feabf36efb84299a04831130b3dba114dbe132f05a8a38022976904b625976996a4534bca4368e8fa5ba33
  languageName: node
  linkType: hard

"mongodb-memory-server-core@npm:10.3.0":
  version: 10.3.0
  resolution: "mongodb-memory-server-core@npm:10.3.0"
  dependencies:
    async-mutex: "npm:^0.5.0"
    camelcase: "npm:^6.3.0"
    debug: "npm:^4.4.3"
    find-cache-dir: "npm:^3.3.2"
    follow-redirects: "npm:^1.15.11"
    https-proxy-agent: "npm:^7.0.6"
    mongodb: "npm:^6.9.0"
    new-find-package-json: "npm:^2.0.0"
    semver: "npm:^7.7.3"
    tar-stream: "npm:^3.1.7"
    tslib: "npm:^2.8.1"
    yauzl: "npm:^3.2.0"
  checksum: 10c0/f1530ba048a51de4b051a634570978641a0a6f5cd96a86085d99175849bad06c73c8a0d19d41452a0c7950a40927710ca3ac7fe6e3093f5647e2b6019569c0f1
  languageName: node
  linkType: hard

"mongodb-memory-server@npm:^10.1.4":
  version: 10.3.0
  resolution: "mongodb-memory-server@npm:10.3.0"
  dependencies:
    mongodb-memory-server-core: "npm:10.3.0"
    tslib: "npm:^2.8.1"
  checksum: 10c0/17abf20e3b642f6c3c6bbde5576bcc09e0964395bc753dd58fe1a8f5ceeb2b825e88ba8391bd4042e83b8d046b818856bf79f5e9073ea5617dc3869c58dbca72
  languageName: node
  linkType: hard

"mongodb@npm:^6.10.0, mongodb@npm:^6.9.0":
  version: 6.20.0
  resolution: "mongodb@npm:6.20.0"
  dependencies:
    "@mongodb-js/saslprep": "npm:^1.3.0"
    bson: "npm:^6.10.4"
    mongodb-connection-string-url: "npm:^3.0.2"
  peerDependencies:
    "@aws-sdk/credential-providers": ^3.188.0
    "@mongodb-js/zstd": ^1.1.0 || ^2.0.0
    gcp-metadata: ^5.2.0
    kerberos: ^2.0.1
    mongodb-client-encryption: ">=6.0.0 <7"
    snappy: ^7.3.2
    socks: ^2.7.1
  peerDependenciesMeta:
    "@aws-sdk/credential-providers":
      optional: true
    "@mongodb-js/zstd":
      optional: true
    gcp-metadata:
      optional: true
    kerberos:
      optional: true
    mongodb-client-encryption:
      optional: true
    snappy:
      optional: true
    socks:
      optional: true
  checksum: 10c0/a42d5a04cd2dc195c80293cdc2deb8efd1887559f3a37ffa42bade0d7709a980b6655bf38dd3e774dd68ad063a2c0c577fca9d5bcae1cafa2582083cf39e1e6c
  languageName: node
  linkType: hard

"ms@npm:^2.1.3":
  version: 2.1.3
  resolution: "ms@npm:2.1.3"
  checksum: 10c0/d924b57e7312b3b63ad21fc5b3dc0af5e78d61a1fc7cfb5457edaf26326bf62be5307cc87ffb6862ef1c2b33b0233cdb5d4f01c4c958cc0d660948b65a287a48
  languageName: node
  linkType: hard

"new-find-package-json@npm:^2.0.0":
  version: 2.0.0
  resolution: "new-find-package-json@npm:2.0.0"
  dependencies:
    debug: "npm:^4.3.4"
  checksum: 10c0/b5265976629894369726c7bb0705493783071a00e202c5d9da1903458823192c25a954e24d387476eae8dfa6c5c3fff61018fd2bb7ea7b66424a27ff11b49606
  languageName: node
  linkType: hard

"p-limit@npm:^2.2.0":
  version: 2.3.0
  resolution: "p-limit@npm:2.3.0"
  dependencies:
    p-try: "npm:^2.0.0"
  checksum: 10c0/8da01ac53efe6a627080fafc127c873da40c18d87b3f5d5492d465bb85ec7207e153948df6b9cbaeb130be70152f874229b8242ee2be84c0794082510af97f12
  languageName: node
  linkType: hard

"p-locate@npm:^4.1.0":
  version: 4.1.0
  resolution: "p-locate@npm:4.1.0"
  dependencies:
    p-limit: "npm:^2.2.0"
  checksum: 10c0/1b476ad69ad7f6059744f343b26d51ce091508935c1dbb80c4e0a2f397ffce0ca3a1f9f5cd3c7ce19d7929a09719d5c65fe70d8ee289c3f267cd36f2881813e9
  languageName: node
  linkType: hard

"p-try@npm:^2.0.0":
  version: 2.2.0
  resolution: "p-try@npm:2.2.0"
  checksum: 10c0/c36c19907734c904b16994e6535b02c36c2224d433e01a2f1ab777237f4d86e6289fd5fd464850491e940379d4606ed850c03e0f9ab600b0ebddb511312e177f
  languageName: node
  linkType: hard

"path-exists@npm:^4.0.0":
  version: 4.0.0
  resolution: "path-exists@npm:4.0.0"
  checksum: 10c0/8c0bd3f5238188197dc78dced15207a4716c51cc4e3624c44fc97acf69558f5ebb9a2afff486fe1b4ee148e0c133e96c5e11a9aa5c48a3006e3467da070e5e1b
  languageName: node
  linkType: hard

"pend@npm:~1.2.0":
  version: 1.2.0
  resolution: "pend@npm:1.2.0"
  checksum: 10c0/8a87e63f7a4afcfb0f9f77b39bb92374afc723418b9cb716ee4257689224171002e07768eeade4ecd0e86f1fa3d8f022994219fb45634f2dbd78c6803e452458
  languageName: node
  linkType: hard

"pkg-dir@npm:^4.1.0":
  version: 4.2.0
  resolution: "pkg-dir@npm:4.2.0"
  dependencies:
    find-up: "npm:^4.0.0"
  checksum: 10c0/c56bda7769e04907a88423feb320babaed0711af8c436ce3e56763ab1021ba107c7b0cafb11cde7529f669cfc22bffcaebffb573645cbd63842ea9fb17cd7728
  languageName: node
  linkType: hard

"punycode@npm:^2.3.1":
  version: 2.3.1
  resolution: "punycode@npm:2.3.1"
  checksum: 10c0/14f76a8206bc3464f794fb2e3d3cc665ae416c01893ad7a02b23766eb07159144ee612ad67af5e84fa4479ccfe67678c4feb126b0485651b302babf66f04f9e9
  languageName: node
  linkType: hard

"semver@npm:^6.0.0":
  version: 6.3.1
  resolution: "semver@npm:6.3.1"
  bin:
    semver: bin/semver.js
  checksum: 10c0/e3d79b609071caa78bcb6ce2ad81c7966a46a7431d9d58b8800cfa9cb6a63699b3899a0e4bcce36167a284578212d9ae6942b6929ba4aa5015c079a67751d42d
  languageName: node
  linkType: hard

"semver@npm:^7.7.3":
  version: 7.7.3
  resolution: "semver@npm:7.7.3"
  bin:
    semver: bin/semver.js
  checksum: 10c0/4afe5c986567db82f44c8c6faef8fe9df2a9b1d98098fc1721f57c696c4c21cebd572f297fc21002f81889492345b8470473bc6f4aff5fb032a6ea59ea2bc45e
  languageName: node
  linkType: hard

"server-essential@workspace:.":
  version: 0.0.0-use.local
  resolution: "server-essential@workspace:."
  dependencies:
    "@just-in/core": "npm:^0.2.0"
    "@types/node": "npm:^24.8.1"
    typescript: "npm:^5.9.3"
  languageName: unknown
  linkType: soft

"sparse-bitfield@npm:^3.0.3":
  version: 3.0.3
  resolution: "sparse-bitfield@npm:3.0.3"
  dependencies:
    memory-pager: "npm:^1.0.2"
  checksum: 10c0/248c6ff7b5e354735e1daac4059222a29c9d291dfcf265daf675d13515eeaac454cfcccd687c8d134f86698b39abd7ad4d7434f7272dd6f8e41a00f21aae4194
  languageName: node
  linkType: hard

"streamx@npm:^2.15.0":
  version: 2.23.0
  resolution: "streamx@npm:2.23.0"
  dependencies:
    events-universal: "npm:^1.0.0"
    fast-fifo: "npm:^1.3.2"
    text-decoder: "npm:^1.1.0"
  checksum: 10c0/15708ce37818d588632fe1104e8febde573e33e8c0868bf583fce0703f3faf8d2a063c278e30df2270206811b69997f64eb78792099933a1fe757e786fbcbd44
  languageName: node
  linkType: hard

"tar-stream@npm:^3.1.7":
  version: 3.1.7
  resolution: "tar-stream@npm:3.1.7"
  dependencies:
    b4a: "npm:^1.6.4"
    fast-fifo: "npm:^1.2.0"
    streamx: "npm:^2.15.0"
  checksum: 10c0/a09199d21f8714bd729993ac49b6c8efcb808b544b89f23378ad6ffff6d1cb540878614ba9d4cfec11a64ef39e1a6f009a5398371491eb1fda606ffc7f70f718
  languageName: node
  linkType: hard

"text-decoder@npm:^1.1.0":
  version: 1.2.3
  resolution: "text-decoder@npm:1.2.3"
  dependencies:
    b4a: "npm:^1.6.4"
  checksum: 10c0/569d776b9250158681c83656ef2c3e0a5d5c660c27ca69f87eedef921749a4fbf02095e5f9a0f862a25cf35258379b06e31dee9c125c9f72e273b7ca1a6d1977
  languageName: node
  linkType: hard

"tr46@npm:^5.1.0":
  version: 5.1.1
  resolution: "tr46@npm:5.1.1"
  dependencies:
    punycode: "npm:^2.3.1"
  checksum: 10c0/ae270e194d52ec67ebd695c1a42876e0f19b96e4aca2ab464ab1d9d17dc3acd3e18764f5034c93897db73421563be27c70c98359c4501136a497e46deda5d5ec
  languageName: node
  linkType: hard

"tslib@npm:^2.4.0, tslib@npm:^2.8.1":
  version: 2.8.1
  resolution: "tslib@npm:2.8.1"
  checksum: 10c0/9c4759110a19c53f992d9aae23aac5ced636e99887b51b9e61def52611732872ff7668757d4e4c61f19691e36f4da981cd9485e869b4a7408d689f6bf1f14e62
  languageName: node
  linkType: hard

"typescript@npm:^5.9.3":
  version: 5.9.3
  resolution: "typescript@npm:5.9.3"
  bin:
    tsc: bin/tsc
    tsserver: bin/tsserver
  checksum: 10c0/6bd7552ce39f97e711db5aa048f6f9995b53f1c52f7d8667c1abdc1700c68a76a308f579cd309ce6b53646deb4e9a1be7c813a93baaf0a28ccd536a30270e1c5
  languageName: node
  linkType: hard

"typescript@patch:typescript@npm%3A^5.9.3#optional!builtin<compat/typescript>":
  version: 5.9.3
  resolution: "typescript@patch:typescript@npm%3A5.9.3#optional!builtin<compat/typescript>::version=5.9.3&hash=5786d5"
  bin:
    tsc: bin/tsc
    tsserver: bin/tsserver
  checksum: 10c0/ad09fdf7a756814dce65bc60c1657b40d44451346858eea230e10f2e95a289d9183b6e32e5c11e95acc0ccc214b4f36289dcad4bf1886b0adb84d711d336a430
  languageName: node
  linkType: hard

"undici-types@npm:~7.16.0":
  version: 7.16.0
  resolution: "undici-types@npm:7.16.0"
  checksum: 10c0/3033e2f2b5c9f1504bdc5934646cb54e37ecaca0f9249c983f7b1fc2e87c6d18399ebb05dc7fd5419e02b2e915f734d872a65da2e3eeed1813951c427d33cc9a
  languageName: node
  linkType: hard

"uuid@npm:^11.0.3":
  version: 11.1.0
  resolution: "uuid@npm:11.1.0"
  bin:
    uuid: dist/esm/bin/uuid
  checksum: 10c0/34aa51b9874ae398c2b799c88a127701408cd581ee89ec3baa53509dd8728cbb25826f2a038f9465f8b7be446f0fbf11558862965b18d21c993684297628d4d3
  languageName: node
  linkType: hard

"webidl-conversions@npm:^7.0.0":
  version: 7.0.0
  resolution: "webidl-conversions@npm:7.0.0"
  checksum: 10c0/228d8cb6d270c23b0720cb2d95c579202db3aaf8f633b4e9dd94ec2000a04e7e6e43b76a94509cdb30479bd00ae253ab2371a2da9f81446cc313f89a4213a2c4
  languageName: node
  linkType: hard

"whatwg-url@npm:^14.1.0 || ^13.0.0":
  version: 14.2.0
  resolution: "whatwg-url@npm:14.2.0"
  dependencies:
    tr46: "npm:^5.1.0"
    webidl-conversions: "npm:^7.0.0"
  checksum: 10c0/f746fc2f4c906607d09537de1227b13f9494c171141e5427ed7d2c0dd0b6a48b43d8e71abaae57d368d0c06b673fd8ec63550b32ad5ed64990c7b0266c2b4272
  languageName: node
  linkType: hard

"yauzl@npm:^3.2.0":
  version: 3.2.0
  resolution: "yauzl@npm:3.2.0"
  dependencies:
    buffer-crc32: "npm:~0.2.3"
    pend: "npm:~1.2.0"
  checksum: 10c0/7b40b3dc46b95761a2a764391d257a11f494d365875af73a1b48fe16d4bd103dd178612e60168d12a0e59a8ba4f6411a15a5e8871d5a5f78255d6cc1ce39ee62
  languageName: node
  linkType: hard

"zod@npm:^3.23.8":
  version: 3.25.76
  resolution: "zod@npm:3.25.76"
  checksum: 10c0/5718ec35e3c40b600316c5b4c5e4976f7fee68151bc8f8d90ec18a469be9571f072e1bbaace10f1e85cf8892ea12d90821b200e980ab46916a6166a4260a983c
  languageName: node
  linkType: hard
